// !$*UTF8*$!
{
	archiveVersion = 1;
	classes = {
	};
	objectVersion = 55;
	objects = {

/* Begin PBXBuildFile section */
		4D212D3828818EC1006E52AC /* VK_VyaltsevPApp.swift in Sources */ = {isa = PBXBuildFile; fileRef = 4D212D3728818EC1006E52AC /* VK_VyaltsevPApp.swift */; };
		4D212D3A28818EC1006E52AC /* ContentView.swift in Sources */ = {isa = PBXBuildFile; fileRef = 4D212D3928818EC1006E52AC /* ContentView.swift */; };
		4D212D3C28818EC3006E52AC /* Assets.xcassets in Resources */ = {isa = PBXBuildFile; fileRef = 4D212D3B28818EC3006E52AC /* Assets.xcassets */; };
		4D212D3F28818EC3006E52AC /* Preview Assets.xcassets in Resources */ = {isa = PBXBuildFile; fileRef = 4D212D3E28818EC3006E52AC /* Preview Assets.xcassets */; };
		4D212D4828818F09006E52AC /* ImageView.swift in Sources */ = {isa = PBXBuildFile; fileRef = 4D212D4728818F09006E52AC /* ImageView.swift */; };
		4D212D4A28818F2E006E52AC /* Body.swift in Sources */ = {isa = PBXBuildFile; fileRef = 4D212D4928818F2E006E52AC /* Body.swift */; };
		4D212D4C28818F47006E52AC /* Service.swift in Sources */ = {isa = PBXBuildFile; fileRef = 4D212D4B28818F47006E52AC /* Service.swift */; };
		4D212D4E28818F6C006E52AC /* DataManager.swift in Sources */ = {isa = PBXBuildFile; fileRef = 4D212D4D28818F6C006E52AC /* DataManager.swift */; };
/* End PBXBuildFile section */

/* Begin PBXFileReference section */
		4D212D3428818EC1006E52AC /* VK_VyaltsevP.app */ = {isa = PBXFileReference; explicitFileType = wrapper.application; includeInIndex = 0; path = VK_VyaltsevP.app; sourceTree = BUILT_PRODUCTS_DIR; };
		4D212D3728818EC1006E52AC /* VK_VyaltsevPApp.swift */ = {isa = PBXFileReference; lastKnownFileType = sourcecode.swift; path = VK_VyaltsevPApp.swift; sourceTree = "<group>"; };
		4D212D3928818EC1006E52AC /* ContentView.swift */ = {isa = PBXFileReference; lastKnownFileType = sourcecode.swift; path = ContentView.swift; sourceTree = "<group>"; };
		4D212D3B28818EC3006E52AC /* Assets.xcassets */ = {isa = PBXFileReference; lastKnownFileType = folder.assetcatalog; path = Assets.xcassets; sourceTree = "<group>"; };
		4D212D3E28818EC3006E52AC /* Preview Assets.xcassets */ = {isa = PBXFileReference; lastKnownFileType = folder.assetcatalog; path = "Preview Assets.xcassets"; sourceTree = "<group>"; };
		4D212D4728818F09006E52AC /* ImageView.swift */ = {isa = PBXFileReference; lastKnownFileType = sourcecode.swift; path = ImageView.swift; sourceTree = "<group>"; };
		4D212D4928818F2E006E52AC /* Body.swift */ = {isa = PBXFileReference; lastKnownFileType = sourcecode.swift; path = Body.swift; sourceTree = "<group>"; };
		4D212D4B28818F47006E52AC /* Service.swift */ = {isa = PBXFileReference; lastKnownFileType = sourcecode.swift; path = Service.swift; sourceTree = "<group>"; };
		4D212D4D28818F6C006E52AC /* DataManager.swift */ = {isa = PBXFileReference; lastKnownFileType = sourcecode.swift; path = DataManager.swift; sourceTree = "<group>"; };
/* End PBXFileReference section */

/* Begin PBXFrameworksBuildPhase section */
		4D212D3128818EC1006E52AC /* Frameworks */ = {
			isa = PBXFrameworksBuildPhase;
			buildActionMask = 2147483647;
			files = (
			);
			runOnlyForDeploymentPostprocessing = 0;
		};
/* End PBXFrameworksBuildPhase section */

/* Begin PBXGroup section */
		4D212D2B28818EC1006E52AC = {
			isa = PBXGroup;
			children = (
				4D212D3628818EC1006E52AC /* VK_VyaltsevP */,
				4D212D3528818EC1006E52AC /* Products */,
			);
			sourceTree = "<group>";
		};
		4D212D3528818EC1006E52AC /* Products */ = {
			isa = PBXGroup;
			children = (
				4D212D3428818EC1006E52AC /* VK_VyaltsevP.app */,
			);
			name = Products;
			sourceTree = "<group>";
		};
		4D212D3628818EC1006E52AC /* VK_VyaltsevP */ = {
			isa = PBXGroup;
			children = (
				4D212D4F28819660006E52AC /* Managers */,
				4D212D4628818EF5006E52AC /* Models */,
				4D212D4528818EEE006E52AC /* Views */,
				4D212D3728818EC1006E52AC /* VK_VyaltsevPApp.swift */,
				4D212D3B28818EC3006E52AC /* Assets.xcassets */,
				4D212D3D28818EC3006E52AC /* Preview Content */,
			);
			path = VK_VyaltsevP;
			sourceTree = "<group>";
		};
		4D212D3D28818EC3006E52AC /* Preview Content */ = {
			isa = PBXGroup;
			children = (
				4D212D3E28818EC3006E52AC /* Preview Assets.xcassets */,
			);
			path = "Preview Content";
			sourceTree = "<group>";
		};
		4D212D4528818EEE006E52AC /* Views */ = {
			isa = PBXGroup;
			children = (
				4D212D3928818EC1006E52AC /* ContentView.swift */,
				4D212D4728818F09006E52AC /* ImageView.swift */,
			);
			path = Views;
			sourceTree = "<group>";
		};
		4D212D4628818EF5006E52AC /* Models */ = {
			isa = PBXGroup;
			children = (
				4D212D4928818F2E006E52AC /* Body.swift */,
				4D212D4B28818F47006E52AC /* Service.swift */,
			);
			path = Models;
			sourceTree = "<group>";
		};
		4D212D4F28819660006E52AC /* Managers */ = {
			isa = PBXGroup;
			children = (
				4D212D4D28818F6C006E52AC /* DataManager.swift */,
			);
			path = Managers;
			sourceTree = "<group>";
		};
/* End PBXGroup section */

/* Begin PBXNativeTarget section */
		4D212D3328818EC1006E52AC /* VK_VyaltsevP */ = {
			isa = PBXNativeTarget;
			buildConfigurationList = 4D212D4228818EC3006E52AC /* Build configuration list for PBXNativeTarget "VK_VyaltsevP" */;
			buildPhases = (
				4D212D3028818EC1006E52AC /* Sources */,
				4D212D3128818EC1006E52AC /* Frameworks */,
				4D212D3228818EC1006E52AC /* Resources */,
			);
			buildRules = (
			);
			dependencies = (
			);
			name = VK_VyaltsevP;
			productName = VK_VyaltsevP;
			productReference = 4D212D3428818EC1006E52AC /* VK_VyaltsevP.app */;
			productType = "com.apple.product-type.application";
		};
/* End PBXNativeTarget section */

/* Begin PBXProject section */
		4D212D2C28818EC1006E52AC /* Project object */ = {
			isa = PBXProject;
			attributes = {
				BuildIndependentTargetsInParallel = 1;
				LastSwiftUpdateCheck = 1340;
				LastUpgradeCheck = 1340;
				TargetAttributes = {
					4D212D3328818EC1006E52AC = {
						CreatedOnToolsVersion = 13.4;
					};
				};
			};
			buildConfigurationList = 4D212D2F28818EC1006E52AC /* Build configuration list for PBXProject "VK_VyaltsevP" */;
			compatibilityVersion = "Xcode 13.0";
			developmentRegion = en;
			hasScannedForEncodings = 0;
			knownRegions = (
				en,
				Base,
			);
			mainGroup = 4D212D2B28818EC1006E52AC;
			productRefGroup = 4D212D3528818EC1006E52AC /* Products */;
			projectDirPath = "";
			projectRoot = "";
			targets = (
				4D212D3328818EC1006E52AC /* VK_VyaltsevP */,
			);
		};
/* End PBXProject section */

/* Begin PBXResourcesBuildPhase section */
		4D212D3228818EC1006E52AC /* Resources */ = {
			isa = PBXResourcesBuildPhase;
			buildActionMask = 2147483647;
			files = (
				4D212D3F28818EC3006E52AC /* Preview Assets.xcassets in Resources */,
				4D212D3C28818EC3006E52AC /* Assets.xcassets in Resources */,
			);
			runOnlyForDeploymentPostprocessing = 0;
		};
/* End PBXResourcesBuildPhase section */

/* Begin PBXSourcesBuildPhase section */
		4D212D3028818EC1006E52AC /* Sources */ = {
			isa = PBXSourcesBuildPhase;
			buildActionMask = 2147483647;
			files = (
				4D212D4828818F09006E52AC /* ImageView.swift in Sources */,
				4D212D3A28818EC1006E52AC /* ContentView.swift in Sources */,
				4D212D4C28818F47006E52AC /* Service.swift in Sources */,
				4D212D3828818EC1006E52AC /* VK_VyaltsevPApp.swift in Sources */,
				4D212D4A28818F2E006E52AC /* Body.swift in Sources */,
				4D212D4E28818F6C006E52AC /* DataManager.swift in Sources */,
			);
			runOnlyForDeploymentPostprocessing = 0;
		};
/* End PBXSourcesBuildPhase section */

/* Begin XCBuildConfiguration section */
		4D212D4028818EC3006E52AC /* Debug */ = {
			isa = XCBuildConfiguration;
			buildSettings = {
				ALWAYS_SEARCH_USER_PATHS = NO;
				CLANG_ANALYZER_NONNULL = YES;
				CLANG_ANALYZER_NUMBER_OBJECT_CONVERSION = YES_AGGRESSIVE;
				CLANG_CXX_LANGUAGE_STANDARD = "gnu++17";
				CLANG_ENABLE_MODULES = YES;
				CLANG_ENABLE_OBJC_ARC = YES;
				CLANG_ENABLE_OBJC_WEAK = YES;
				CLANG_WARN_BLOCK_CAPTURE_AUTORELEASING = YES;
				CLANG_WARN_BOOL_CONVERSION = YES;
				CLANG_WARN_COMMA = YES;
				CLANG_WARN_CONSTANT_CONVERSION = YES;
				CLANG_WARN_DEPRECATED_OBJC_IMPLEMENTATIONS = YES;
				CLANG_WARN_DIRECT_OBJC_ISA_USAGE = YES_ERROR;
				CLANG_WARN_DOCUMENTATION_COMMENTS = YES;
				CLANG_WARN_EMPTY_BODY = YES;
				CLANG_WARN_ENUM_CONVERSION = YES;
				CLANG_WARN_INFINITE_RECURSION = YES;
				CLANG_WARN_INT_CONVERSION = YES;
				CLANG_WARN_NON_LITERAL_NULL_CONVERSION = YES;
				CLANG_WARN_OBJC_IMPLICIT_RETAIN_SELF = YES;
				CLANG_WARN_OBJC_LITERAL_CONVERSION = YES;
				CLANG_WARN_OBJC_ROOT_CLASS = YES_ERROR;
				CLANG_WARN_QUOTED_INCLUDE_IN_FRAMEWORK_HEADER = YES;
				CLANG_WARN_RANGE_LOOP_ANALYSIS = YES;
				CLANG_WARN_STRICT_PROTOTYPES = YES;
				CLANG_WARN_SUSPICIOUS_MOVE = YES;
				CLANG_WARN_UNGUARDED_AVAILABILITY = YES_AGGRESSIVE;
				CLANG_WARN_UNREACHABLE_CODE = YES;
				CLANG_WARN__DUPLICATE_METHOD_MATCH = YES;
				COPY_PHASE_STRIP = NO;
				DEBUG_INFORMATION_FORMAT = dwarf;
				ENABLE_STRICT_OBJC_MSGSEND = YES;
				ENABLE_TESTABILITY = YES;
				GCC_C_LANGUAGE_STANDARD = gnu11;
				GCC_DYNAMIC_NO_PIC = NO;
				GCC_NO_COMMON_BLOCKS = YES;
				GCC_OPTIMIZATION_LEVEL = 0;
				GCC_PREPROCESSOR_DEFINITIONS = (
					"DEBUG=1",
					"$(inherited)",
				);
				GCC_WARN_64_TO_32_BIT_CONVERSION = YES;
				GCC_WARN_ABOUT_RETURN_TYPE = YES_ERROR;
				GCC_WARN_UNDECLARED_SELECTOR = YES;
				GCC_WARN_UNINITIALIZED_AUTOS = YES_AGGRESSIVE;
				GCC_WARN_UNUSED_FUNCTION = YES;
				GCC_WARN_UNUSED_VARIABLE = YES;
				IPHONEOS_DEPLOYMENT_TARGET = 15.5;
				MTL_ENABLE_DEBUG_INFO = INCLUDE_SOURCE;
				MTL_FAST_MATH = YES;
				ONLY_ACTIVE_ARCH = YES;
				SDKROOT = iphoneos;
				SWIFT_ACTIVE_COMPILATION_CONDITIONS = DEBUG;
				SWIFT_OPTIMIZATION_LEVEL = "-Onone";
			};
			name = Debug;
		};
		4D212D4128818EC3006E52AC /* Release */ = {
			isa = XCBuildConfiguration;
			buildSettings = {
				ALWAYS_SEARCH_USER_PATHS = NO;
				CLANG_ANALYZER_NONNULL = YES;
				CLANG_ANALYZER_NUMBER_OBJECT_CONVERSION = YES_AGGRESSIVE;
				CLANG_CXX_LANGUAGE_STANDARD = "gnu++17";
				CLANG_ENABLE_MODULES = YES;
				CLANG_ENABLE_OBJC_ARC = YES;
				CLANG_ENABLE_OBJC_WEAK = YES;
				CLANG_WARN_BLOCK_CAPTURE_AUTORELEASING = YES;
				CLANG_WARN_BOOL_CONVERSION = YES;
				CLANG_WARN_COMMA = YES;
				CLANG_WARN_CONSTANT_CONVERSION = YES;
				CLANG_WARN_DEPRECATED_OBJC_IMPLEMENTATIONS = YES;
				CLANG_WARN_DIRECT_OBJC_ISA_USAGE = YES_ERROR;
				CLANG_WARN_DOCUMENTATION_COMMENTS = YES;
				CLANG_WARN_EMPTY_BODY = YES;
				CLANG_WARN_ENUM_CONVERSION = YES;
				CLANG_WARN_INFINITE_RECURSION = YES;
				CLANG_WARN_INT_CONVERSION = YES;
				CLANG_WARN_NON_LITERAL_NULL_CONVERSION = YES;
				CLANG_WARN_OBJC_IMPLICIT_RETAIN_SELF = YES;
				CLANG_WARN_OBJC_LITERAL_CONVERSION = YES;
				CLANG_WARN_OBJC_ROOT_CLASS = YES_ERROR;
				CLANG_WARN_QUOTED_INCLUDE_IN_FRAMEWORK_HEADER = YES;
				CLANG_WARN_RANGE_LOOP_ANALYSIS = YES;
				CLANG_WARN_STRICT_PROTOTYPES = YES;
				CLANG_WARN_SUSPICIOUS_MOVE = YES;
				CLANG_WARN_UNGUARDED_AVAILABILITY = YES_AGGRESSIVE;
				CLANG_WARN_UNREACHABLE_CODE = YES;
				CLANG_WARN__DUPLICATE_METHOD_MATCH = YES;
				COPY_PHASE_STRIP = NO;
				DEBUG_INFORMATION_FORMAT = "dwarf-with-dsym";
				ENABLE_NS_ASSERTIONS = NO;
				ENABLE_STRICT_OBJC_MSGSEND = YES;
				GCC_C_LANGUAGE_STANDARD = gnu11;
				GCC_NO_COMMON_BLOCKS = YES;
				GCC_WARN_64_TO_32_BIT_CONVERSION = YES;
				GCC_WARN_ABOUT_RETURN_TYPE = YES_ERROR;
				GCC_WARN_UNDECLARED_SELECTOR = YES;
				GCC_WARN_UNINITIALIZED_AUTOS = YES_AGGRESSIVE;
				GCC_WARN_UNUSED_FUNCTION = YES;
				GCC_WARN_UNUSED_VARIABLE = YES;
				IPHONEOS_DEPLOYMENT_TARGET = 15.5;
				MTL_ENABLE_DEBUG_INFO = NO;
				MTL_FAST_MATH = YES;
				SDKROOT = iphoneos;
				SWIFT_COMPILATION_MODE = wholemodule;
				SWIFT_OPTIMIZATION_LEVEL = "-O";
				VALIDATE_PRODUCT = YES;
			};
			name = Release;
		};
		4D212D4328818EC3006E52AC /* Debug */ = {
			isa = XCBuildConfiguration;
			buildSettings = {
				ASSETCATALOG_COMPILER_APPICON_NAME = AppIcon;
				ASSETCATALOG_COMPILER_GLOBAL_ACCENT_COLOR_NAME = AccentColor;
				CODE_SIGN_STYLE = Automatic;
				CURRENT_PROJECT_VERSION = 1;
				DEVELOPMENT_ASSET_PATHS = "\"VK_VyaltsevP/Preview Content\"";
				ENABLE_PREVIEWS = YES;
				GENERATE_INFOPLIST_FILE = YES;
				INFOPLIST_KEY_UIApplicationSceneManifest_Generation = YES;
				INFOPLIST_KEY_UIApplicationSupportsIndirectInputEvents = YES;
				INFOPLIST_KEY_UILaunchScreen_Generation = YES;
				INFOPLIST_KEY_UISupportedInterfaceOrientations_iPad = "UIInterfaceOrientationPortrait UIInterfaceOrientationPortraitUpsideDown UIInterfaceOrientationLandscapeLeft UIInterfaceOrientationLandscapeRight";
				INFOPLIST_KEY_UISupportedInterfaceOrientations_iPhone = "UIInterfaceOrientationPortrait UIInterfaceOrientationLandscapeLeft UIInterfaceOrientationLandscapeRight";
				LD_RUNPATH_SEARCH_PATHS = (
					"$(inherited)",
					"@executable_path/Frameworks",
				);
				MARKETING_VERSION = 1.0;
				PRODUCT_BUNDLE_IDENTIFIER = "j.VK-VyaltsevP";
				PRODUCT_NAME = "$(TARGET_NAME)";
				SWIFT_EMIT_LOC_STRINGS = YES;
				SWIFT_VERSION = 5.0;
				TARGETED_DEVICE_FAMILY = "1,2";
			};
			name = Debug;
		};
		4D212D4428818EC3006E52AC /* Release */ = {
			isa = XCBuildConfiguration;
			buildSettings = {
				ASSETCATALOG_COMPILER_APPICON_NAME = AppIcon;
				ASSETCATALOG_COMPILER_GLOBAL_ACCENT_COLOR_NAME = AccentColor;
				CODE_SIGN_STYLE = Automatic;
				CURRENT_PROJECT_VERSION = 1;
				DEVELOPMENT_ASSET_PATHS = "\"VK_VyaltsevP/Preview Content\"";
				ENABLE_PREVIEWS = YES;
				GENERATE_INFOPLIST_FILE = YES;
				INFOPLIST_KEY_UIApplicationSceneManifest_Generation = YES;
				INFOPLIST_KEY_UIApplicationSupportsIndirectInputEvents = YES;
				INFOPLIST_KEY_UILaunchScreen_Generation = YES;
				INFOPLIST_KEY_UISupportedInterfaceOrientations_iPad = "UIInterfaceOrientationPortrait UIInterfaceOrientationPortraitUpsideDown UIInterfaceOrientationLandscapeLeft UIInterfaceOrientationLandscapeRight";
				INFOPLIST_KEY_UISupportedInterfaceOrientations_iPhone = "UIInterfaceOrientationPortrait UIInterfaceOrientationLandscapeLeft UIInterfaceOrientationLandscapeRight";
				LD_RUNPATH_SEARCH_PATHS = (
					"$(inherited)",
					"@executable_path/Frameworks",
				);
				MARKETING_VERSION = 1.0;
				PRODUCT_BUNDLE_IDENTIFIER = "j.VK-VyaltsevP";
				PRODUCT_NAME = "$(TARGET_NAME)";
				SWIFT_EMIT_LOC_STRINGS = YES;
				SWIFT_VERSION = 5.0;
				TARGETED_DEVICE_FAMILY = "1,2";
			};
			name = Release;
		};
/* End XCBuildConfiguration section */

/* Begin XCConfigurationList section */
		4D212D2F28818EC1006E52AC /* Build configuration list for PBXProject "VK_VyaltsevP" */ = {
			isa = XCConfigurationList;
			buildConfigurations = (
				4D212D4028818EC3006E52AC /* Debug */,
				4D212D4128818EC3006E52AC /* Release */,
			);
			defaultConfigurationIsVisible = 0;
			defaultConfigurationName = Release;
		};
		4D212D4228818EC3006E52AC /* Build configuration list for PBXNativeTarget "VK_VyaltsevP" */ = {
			isa = XCConfigurationList;
			buildConfigurations = (
				4D212D4328818EC3006E52AC /* Debug */,
				4D212D4428818EC3006E52AC /* Release */,
			);
			defaultConfigurationIsVisible = 0;
			defaultConfigurationName = Release;
		};
/* End XCConfigurationList section */
	};
	rootObject = 4D212D2C28818EC1006E52AC /* Project object */;
}
